dependencies:
- condition: ""
  enabled: false
  name: alertmanager
  repository: http://charts.opsgoodness.com
  tags: null
  version: 0.1.0
- condition: ""
  enabled: false
  name: prometheus
  repository: http://charts.opsgoodness.com
  tags: null
  version: 0.1.0
digest: sha256:6940fabd304f7e242a6d66fcfbb2847cdeae3e0505d99f6be960e61dbe25675e
generated: 2017-03-05T14:38:36.141519292-06:00
